
Microsoft Visual Studio Solution File, Format Version 12.00
# Visual Studio Express 2012 for Windows Phone
Project("{FAE04EC0-301F-11D3-BF4B-00C04F79EFBC}") = "PixPuzzle.WP", "PixPuzzle.WP\PixPuzzle.WP.csproj", "{6EF336E7-2F89-496A-85CD-CA21460C5D06}"
EndProject
Project("{FAE04EC0-301F-11D3-BF4B-00C04F79EFBC}") = "PixPuzzle.Data.WP", "PixPuzzle.Data\PixPuzzle.Data.WP.csproj", "{390E6332-0988-4328-9E02-AC34721B0709}"
EndProject
Global
	GlobalSection(SolutionConfigurationPlatforms) = preSolution
		Debug|Any CPU = Debug|Any CPU
		Release|Any CPU = Release|Any CPU
	EndGlobalSection
	GlobalSection(ProjectConfigurationPlatforms) = postSolution
		{6EF336E7-2F89-496A-85CD-CA21460C5D06}.Debug|Any CPU.ActiveCfg = Debug|Any CPU
		{6EF336E7-2F89-496A-85CD-CA21460C5D06}.Debug|Any CPU.Build.0 = Debug|Any CPU
		{6EF336E7-2F89-496A-85CD-CA21460C5D06}.Debug|Any CPU.Deploy.0 = Debug|Any CPU
		{6EF336E7-2F89-496A-85CD-CA21460C5D06}.Release|Any CPU.ActiveCfg = Release|Any CPU
		{6EF336E7-2F89-496A-85CD-CA21460C5D06}.Release|Any CPU.Build.0 = Release|Any CPU
		{6EF336E7-2F89-496A-85CD-CA21460C5D06}.Release|Any CPU.Deploy.0 = Release|Any CPU
		{390E6332-0988-4328-9E02-AC34721B0709}.Debug|Any CPU.ActiveCfg = Debug|Any CPU
		{390E6332-0988-4328-9E02-AC34721B0709}.Debug|Any CPU.Build.0 = Debug|Any CPU
		{390E6332-0988-4328-9E02-AC34721B0709}.Release|Any CPU.ActiveCfg = Release|Any CPU
		{390E6332-0988-4328-9E02-AC34721B0709}.Release|Any CPU.Build.0 = Release|Any CPU
	EndGlobalSection
	GlobalSection(SolutionProperties) = preSolution
		HideSolutionNode = FALSE
	EndGlobalSection
EndGlobal
